
Microsoft Visual Studio Solution File, Format Version 12.00
# Visual Studio Version 17
VisualStudioVersion = 17.7.34202.233
MinimumVisualStudioVersion = 10.0.40219.1
Project("{FAE04EC0-301F-11D3-BF4B-00C04F79EFBC}") = "Gym_Manegment_System", "Gym_Manegment_System\Gym_Manegment_System.csproj", "{A49FD837-8BFC-4EE8-ABE2-8B7969188508}"
EndProject
Global
	GlobalSection(SolutionConfigurationPlatforms) = preSolution
		Debug|Any CPU = Debug|Any CPU
		Release|Any CPU = Release|Any CPU
	EndGlobalSection
	GlobalSection(ProjectConfigurationPlatforms) = postSolution
		{A49FD837-8BFC-4EE8-ABE2-8B7969188508}.Debug|Any CPU.ActiveCfg = Debug|Any CPU
		{A49FD837-8BFC-4EE8-ABE2-8B7969188508}.Debug|Any CPU.Build.0 = Debug|Any CPU
		{A49FD837-8BFC-4EE8-ABE2-8B7969188508}.Release|Any CPU.ActiveCfg = Release|Any CPU
		{A49FD837-8BFC-4EE8-ABE2-8B7969188508}.Release|Any CPU.Build.0 = Release|Any CPU
	EndGlobalSection
	GlobalSection(SolutionProperties) = preSolution
		HideSolutionNode = FALSE
	EndGlobalSection
	GlobalSection(ExtensibilityGlobals) = postSolution
		SolutionGuid = {9E4F7CC1-A5AE-45E1-BC61-96B67D84868B}
	EndGlobalSection
EndGlobal
